
Microsoft Visual Studio Solution File, Format Version 12.00
# Visual Studio Version 16
VisualStudioVersion = 16.0.30907.101
MinimumVisualStudioVersion = 10.0.40219.1
Project("{9A19103F-16F7-4668-BE54-9A1E7A4F7556}") = "Projeto.Estudo.NetCore.Api", "Projeto.Estudo.NetCore.Api\Projeto.Estudo.NetCore.Api.csproj", "{FF17F90D-5967-4C27-A5C8-F6C6D0CF96DE}"
EndProject
Project("{9A19103F-16F7-4668-BE54-9A1E7A4F7556}") = "Projeto.Estudo.NetCore.Data", "Projeto.Estudo.NetCore.Data\Projeto.Estudo.NetCore.Data.csproj", "{519489D5-1888-452B-BF94-11EFD7E37B4F}"
EndProject
Project("{9A19103F-16F7-4668-BE54-9A1E7A4F7556}") = "Projeto.Estudo.NetCore.Domain", "Projeto.Estudo.NetCore.Domain\Projeto.Estudo.NetCore.Domain.csproj", "{C1B390D6-2058-4E6D-B1D2-A735FC50CDC8}"
EndProject
Project("{FAE04EC0-301F-11D3-BF4B-00C04F79EFBC}") = "Projeto.Estudo.NetCore.Application", "Projeto.Estudo.NetCore.Application\Projeto.Estudo.NetCore.Application.csproj", "{07798651-01BE-4C7F-87FD-60777298DA33}"
EndProject
Global
	GlobalSection(SolutionConfigurationPlatforms) = preSolution
		Debug|Any CPU = Debug|Any CPU
		Release|Any CPU = Release|Any CPU
	EndGlobalSection
	GlobalSection(ProjectConfigurationPlatforms) = postSolution
		{FF17F90D-5967-4C27-A5C8-F6C6D0CF96DE}.Debug|Any CPU.ActiveCfg = Debug|Any CPU
		{FF17F90D-5967-4C27-A5C8-F6C6D0CF96DE}.Debug|Any CPU.Build.0 = Debug|Any CPU
		{FF17F90D-5967-4C27-A5C8-F6C6D0CF96DE}.Release|Any CPU.ActiveCfg = Release|Any CPU
		{FF17F90D-5967-4C27-A5C8-F6C6D0CF96DE}.Release|Any CPU.Build.0 = Release|Any CPU
		{519489D5-1888-452B-BF94-11EFD7E37B4F}.Debug|Any CPU.ActiveCfg = Debug|Any CPU
		{519489D5-1888-452B-BF94-11EFD7E37B4F}.Debug|Any CPU.Build.0 = Debug|Any CPU
		{519489D5-1888-452B-BF94-11EFD7E37B4F}.Release|Any CPU.ActiveCfg = Release|Any CPU
		{519489D5-1888-452B-BF94-11EFD7E37B4F}.Release|Any CPU.Build.0 = Release|Any CPU
		{C1B390D6-2058-4E6D-B1D2-A735FC50CDC8}.Debug|Any CPU.ActiveCfg = Debug|Any CPU
		{C1B390D6-2058-4E6D-B1D2-A735FC50CDC8}.Debug|Any CPU.Build.0 = Debug|Any CPU
		{C1B390D6-2058-4E6D-B1D2-A735FC50CDC8}.Release|Any CPU.ActiveCfg = Release|Any CPU
		{C1B390D6-2058-4E6D-B1D2-A735FC50CDC8}.Release|Any CPU.Build.0 = Release|Any CPU
		{07798651-01BE-4C7F-87FD-60777298DA33}.Debug|Any CPU.ActiveCfg = Debug|Any CPU
		{07798651-01BE-4C7F-87FD-60777298DA33}.Debug|Any CPU.Build.0 = Debug|Any CPU
		{07798651-01BE-4C7F-87FD-60777298DA33}.Release|Any CPU.ActiveCfg = Release|Any CPU
		{07798651-01BE-4C7F-87FD-60777298DA33}.Release|Any CPU.Build.0 = Release|Any CPU
	EndGlobalSection
	GlobalSection(SolutionProperties) = preSolution
		HideSolutionNode = FALSE
	EndGlobalSection
	GlobalSection(ExtensibilityGlobals) = postSolution
		SolutionGuid = {B0546093-BA76-45EF-8171-B2D22E25C54F}
	EndGlobalSection
EndGlobal
